// !$*UTF8*$!
{
	archiveVersion = 1;
	classes = {
	};
	objectVersion = 50;
	objects = {

/* Begin PBXBuildFile section */
		392A342625A5B88B00E95E90 /* AppDelegate.swift in Sources */ = {isa = PBXBuildFile; fileRef = 392A342525A5B88B00E95E90 /* AppDelegate.swift */; };
		392A342825A5B88B00E95E90 /* SceneDelegate.swift in Sources */ = {isa = PBXBuildFile; fileRef = 392A342725A5B88B00E95E90 /* SceneDelegate.swift */; };
		392A342A25A5B88B00E95E90 /* ViewController.swift in Sources */ = {isa = PBXBuildFile; fileRef = 392A342925A5B88B00E95E90 /* ViewController.swift */; };
		392A342D25A5B88B00E95E90 /* Main.storyboard in Resources */ = {isa = PBXBuildFile; fileRef = 392A342B25A5B88B00E95E90 /* Main.storyboard */; };
		392A342F25A5B88E00E95E90 /* Assets.xcassets in Resources */ = {isa = PBXBuildFile; fileRef = 392A342E25A5B88E00E95E90 /* Assets.xcassets */; };
		392A343225A5B88E00E95E90 /* LaunchScreen.storyboard in Resources */ = {isa = PBXBuildFile; fileRef = 392A343025A5B88E00E95E90 /* LaunchScreen.storyboard */; };
		392A343D25A5B88F00E95E90 /* PreworkTests.swift in Sources */ = {isa = PBXBuildFile; fileRef = 392A343C25A5B88F00E95E90 /* PreworkTests.swift */; };
		392A344825A5B88F00E95E90 /* PreworkUITests.swift in Sources */ = {isa = PBXBuildFile; fileRef = 392A344725A5B88F00E95E90 /* PreworkUITests.swift */; };
/* End PBXBuildFile section */

/* Begin PBXContainerItemProxy section */
		392A343925A5B88F00E95E90 /* PBXContainerItemProxy */ = {
			isa = PBXContainerItemProxy;
			containerPortal = 392A341A25A5B88B00E95E90 /* Project object */;
			proxyType = 1;
			remoteGlobalIDString = 392A342125A5B88B00E95E90;
			remoteInfo = Prework;
		};
		392A344425A5B88F00E95E90 /* PBXContainerItemProxy */ = {
			isa = PBXContainerItemProxy;
			containerPortal = 392A341A25A5B88B00E95E90 /* Project object */;
			proxyType = 1;
			remoteGlobalIDString = 392A342125A5B88B00E95E90;
			remoteInfo = Prework;
		};
/* End PBXContainerItemProxy section */

/* Begin PBXFileReference section */
		392A342225A5B88B00E95E90 /* Prework.app */ = {isa = PBXFileReference; explicitFileType = wrapper.application; includeInIndex = 0; path = Prework.app; sourceTree = BUILT_PRODUCTS_DIR; };
		392A342525A5B88B00E95E90 /* AppDelegate.swift */ = {isa = PBXFileReference; lastKnownFileType = sourcecode.swift; path = AppDelegate.swift; sourceTree = "<group>"; };
		392A342725A5B88B00E95E90 /* SceneDelegate.swift */ = {isa = PBXFileReference; lastKnownFileType = sourcecode.swift; path = SceneDelegate.swift; sourceTree = "<group>"; };
		392A342925A5B88B00E95E90 /* ViewController.swift */ = {isa = PBXFileReference; lastKnownFileType = sourcecode.swift; path = ViewController.swift; sourceTree = "<group>"; };
		392A342C25A5B88B00E95E90 /* Base */ = {isa = PBXFileReference; lastKnownFileType = file.storyboard; name = Base; path = Base.lproj/Main.storyboard; sourceTree = "<group>"; };
		392A342E25A5B88E00E95E90 /* Assets.xcassets */ = {isa = PBXFileReference; lastKnownFileType = folder.assetcatalog; path = Assets.xcassets; sourceTree = "<group>"; };
		392A343125A5B88E00E95E90 /* Base */ = {isa = PBXFileReference; lastKnownFileType = file.storyboard; name = Base; path = Base.lproj/LaunchScreen.storyboard; sourceTree = "<group>"; };
		392A343325A5B88F00E95E90 /* Info.plist */ = {isa = PBXFileReference; lastKnownFileType = text.plist.xml; path = Info.plist; sourceTree = "<group>"; };
		392A343825A5B88F00E95E90 /* PreworkTests.xctest */ = {isa = PBXFileReference; explicitFileType = wrapper.cfbundle; includeInIndex = 0; path = PreworkTests.xctest; sourceTree = BUILT_PRODUCTS_DIR; };
		392A343C25A5B88F00E95E90 /* PreworkTests.swift */ = {isa = PBXFileReference; lastKnownFileType = sourcecode.swift; path = PreworkTests.swift; sourceTree = "<group>"; };
		392A343E25A5B88F00E95E90 /* Info.plist */ = {isa = PBXFileReference; lastKnownFileType = text.plist.xml; path = Info.plist; sourceTree = "<group>"; };
		392A344325A5B88F00E95E90 /* PreworkUITests.xctest */ = {isa = PBXFileReference; explicitFileType = wrapper.cfbundle; includeInIndex = 0; path = PreworkUITests.xctest; sourceTree = BUILT_PRODUCTS_DIR; };
		392A344725A5B88F00E95E90 /* PreworkUITests.swift */ = {isa = PBXFileReference; lastKnownFileType = sourcecode.swift; path = PreworkUITests.swift; sourceTree = "<group>"; };
		392A344925A5B88F00E95E90 /* Info.plist */ = {isa = PBXFileReference; lastKnownFileType = text.plist.xml; path = Info.plist; sourceTree = "<group>"; };
/* End PBXFileReference section */

/* Begin PBXFrameworksBuildPhase section */
		392A341F25A5B88B00E95E90 /* Frameworks */ = {
			isa = PBXFrameworksBuildPhase;
			buildActionMask = 2147483647;
			files = (
			);
			runOnlyForDeploymentPostprocessing = 0;
		};
		392A343525A5B88F00E95E90 /* Frameworks */ = {
			isa = PBXFrameworksBuildPhase;
			buildActionMask = 2147483647;
			files = (
			);
			runOnlyForDeploymentPostprocessing = 0;
		};
		392A344025A5B88F00E95E90 /* Frameworks */ = {
			isa = PBXFrameworksBuildPhase;
			buildActionMask = 2147483647;
			files = (
			);
			runOnlyForDeploymentPostprocessing = 0;
		};
/* End PBXFrameworksBuildPhase section */

/* Begin PBXGroup section */
		392A341925A5B88B00E95E90 = {
			isa = PBXGroup;
			children = (
				392A342425A5B88B00E95E90 /* Prework */,
				392A343B25A5B88F00E95E90 /* PreworkTests */,
				392A344625A5B88F00E95E90 /* PreworkUITests */,
				392A342325A5B88B00E95E90 /* Products */,
			);
			sourceTree = "<group>";
		};
		392A342325A5B88B00E95E90 /* Products */ = {
			isa = PBXGroup;
			children = (
				392A342225A5B88B00E95E90 /* Prework.app */,
				392A343825A5B88F00E95E90 /* PreworkTests.xctest */,
				392A344325A5B88F00E95E90 /* PreworkUITests.xctest */,
			);
			name = Products;
			sourceTree = "<group>";
		};
		392A342425A5B88B00E95E90 /* Prework */ = {
			isa = PBXGroup;
			children = (
				392A342525A5B88B00E95E90 /* AppDelegate.swift */,
				392A342725A5B88B00E95E90 /* SceneDelegate.swift */,
				392A342925A5B88B00E95E90 /* ViewController.swift */,
				392A342B25A5B88B00E95E90 /* Main.storyboard */,
				392A342E25A5B88E00E95E90 /* Assets.xcassets */,
				392A343025A5B88E00E95E90 /* LaunchScreen.storyboard */,
				392A343325A5B88F00E95E90 /* Info.plist */,
			);
			path = Prework;
			sourceTree = "<group>";
		};
		392A343B25A5B88F00E95E90 /* PreworkTests */ = {
			isa = PBXGroup;
			children = (
				392A343C25A5B88F00E95E90 /* PreworkTests.swift */,
				392A343E25A5B88F00E95E90 /* Info.plist */,
			);
			path = PreworkTests;
			sourceTree = "<group>";
		};
		392A344625A5B88F00E95E90 /* PreworkUITests */ = {
			isa = PBXGroup;
			children = (
				392A344725A5B88F00E95E90 /* PreworkUITests.swift */,
				392A344925A5B88F00E95E90 /* Info.plist */,
			);
			path = PreworkUITests;
			sourceTree = "<group>";
		};
/* End PBXGroup section */

/* Begin PBXNativeTarget section */
		392A342125A5B88B00E95E90 /* Prework */ = {
			isa = PBXNativeTarget;
			buildConfigurationList = 392A344C25A5B88F00E95E90 /* Build configuration list for PBXNativeTarget "Prework" */;
			buildPhases = (
				392A341E25A5B88B00E95E90 /* Sources */,
				392A341F25A5B88B00E95E90 /* Frameworks */,
				392A342025A5B88B00E95E90 /* Resources */,
			);
			buildRules = (
			);
			dependencies = (
			);
			name = Prework;
			productName = Prework;
			productReference = 392A342225A5B88B00E95E90 /* Prework.app */;
			productType = "com.apple.product-type.application";
		};
		392A343725A5B88F00E95E90 /* PreworkTests */ = {
			isa = PBXNativeTarget;
			buildConfigurationList = 392A344F25A5B88F00E95E90 /* Build configuration list for PBXNativeTarget "PreworkTests" */;
			buildPhases = (
				392A343425A5B88F00E95E90 /* Sources */,
				392A343525A5B88F00E95E90 /* Frameworks */,
				392A343625A5B88F00E95E90 /* Resources */,
			);
			buildRules = (
			);
			dependencies = (
				392A343A25A5B88F00E95E90 /* PBXTargetDependency */,
			);
			name = PreworkTests;
			productName = PreworkTests;
			productReference = 392A343825A5B88F00E95E90 /* PreworkTests.xctest */;
			productType = "com.apple.product-type.bundle.unit-test";
		};
		392A344225A5B88F00E95E90 /* PreworkUITests */ = {
			isa = PBXNativeTarget;
			buildConfigurationList = 392A345225A5B88F00E95E90 /* Build configuration list for PBXNativeTarget "PreworkUITests" */;
			buildPhases = (
				392A343F25A5B88F00E95E90 /* Sources */,
				392A344025A5B88F00E95E90 /* Frameworks */,
				392A344125A5B88F00E95E90 /* Resources */,
			);
			buildRules = (
			);
			dependencies = (
				392A344525A5B88F00E95E90 /* PBXTargetDependency */,
			);
			name = PreworkUITests;
			productName = PreworkUITests;
			productReference = 392A344325A5B88F00E95E90 /* PreworkUITests.xctest */;
			productType = "com.apple.product-type.bundle.ui-testing";
		};
/* End PBXNativeTarget section */

/* Begin PBXProject section */
		392A341A25A5B88B00E95E90 /* Project object */ = {
			isa = PBXProject;
			attributes = {
				LastSwiftUpdateCheck = 1230;
				LastUpgradeCheck = 1230;
				TargetAttributes = {
					392A342125A5B88B00E95E90 = {
						CreatedOnToolsVersion = 12.3;
					};
					392A343725A5B88F00E95E90 = {
						CreatedOnToolsVersion = 12.3;
						TestTargetID = 392A342125A5B88B00E95E90;
					};
					392A344225A5B88F00E95E90 = {
						CreatedOnToolsVersion = 12.3;
						TestTargetID = 392A342125A5B88B00E95E90;
					};
				};
			};
			buildConfigurationList = 392A341D25A5B88B00E95E90 /* Build configuration list for PBXProject "Prework" */;
			compatibilityVersion = "Xcode 9.3";
			developmentRegion = en;
			hasScannedForEncodings = 0;
			knownRegions = (
				en,
				Base,
			);
			mainGroup = 392A341925A5B88B00E95E90;
			productRefGroup = 392A342325A5B88B00E95E90 /* Products */;
			projectDirPath = "";
			projectRoot = "";
			targets = (
				392A342125A5B88B00E95E90 /* Prework */,
				392A343725A5B88F00E95E90 /* PreworkTests */,
				392A344225A5B88F00E95E90 /* PreworkUITests */,
			);
		};
/* End PBXProject section */

/* Begin PBXResourcesBuildPhase section */
		392A342025A5B88B00E95E90 /* Resources */ = {
			isa = PBXResourcesBuildPhase;
			buildActionMask = 2147483647;
			files = (
				392A343225A5B88E00E95E90 /* LaunchScreen.storyboard in Resources */,
				392A342F25A5B88E00E95E90 /* Assets.xcassets in Resources */,
				392A342D25A5B88B00E95E90 /* Main.storyboard in Resources */,
			);
			runOnlyForDeploymentPostprocessing = 0;
		};
		392A343625A5B88F00E95E90 /* Resources */ = {
			isa = PBXResourcesBuildPhase;
			buildActionMask = 2147483647;
			files = (
			);
			runOnlyForDeploymentPostprocessing = 0;
		};
		392A344125A5B88F00E95E90 /* Resources */ = {
			isa = PBXResourcesBuildPhase;
			buildActionMask = 2147483647;
			files = (
			);
			runOnlyForDeploymentPostprocessing = 0;
		};
/* End PBXResourcesBuildPhase section */

/* Begin PBXSourcesBuildPhase section */
		392A341E25A5B88B00E95E90 /* Sources */ = {
			isa = PBXSourcesBuildPhase;
			buildActionMask = 2147483647;
			files = (
				392A342A25A5B88B00E95E90 /* ViewController.swift in Sources */,
				392A342625A5B88B00E95E90 /* AppDelegate.swift in Sources */,
				392A342825A5B88B00E95E90 /* SceneDelegate.swift in Sources */,
			);
			runOnlyForDeploymentPostprocessing = 0;
		};
		392A343425A5B88F00E95E90 /* Sources */ = {
			isa = PBXSourcesBuildPhase;
			buildActionMask = 2147483647;
			files = (
				392A343D25A5B88F00E95E90 /* PreworkTests.swift in Sources */,
			);
			runOnlyForDeploymentPostprocessing = 0;
		};
		392A343F25A5B88F00E95E90 /* Sources */ = {
			isa = PBXSourcesBuildPhase;
			buildActionMask = 2147483647;
			files = (
				392A344825A5B88F00E95E90 /* PreworkUITests.swift in Sources */,
			);
			runOnlyForDeploymentPostprocessing = 0;
		};
/* End PBXSourcesBuildPhase section */

/* Begin PBXTargetDependency section */
		392A343A25A5B88F00E95E90 /* PBXTargetDependency */ = {
			isa = PBXTargetDependency;
			target = 392A342125A5B88B00E95E90 /* Prework */;
			targetProxy = 392A343925A5B88F00E95E90 /* PBXContainerItemProxy */;
		};
		392A344525A5B88F00E95E90 /* PBXTargetDependency */ = {
			isa = PBXTargetDependency;
			target = 392A342125A5B88B00E95E90 /* Prework */;
			targetProxy = 392A344425A5B88F00E95E90 /* PBXContainerItemProxy */;
		};
/* End PBXTargetDependency section */

/* Begin PBXVariantGroup section */
		392A342B25A5B88B00E95E90 /* Main.storyboard */ = {
			isa = PBXVariantGroup;
			children = (
				392A342C25A5B88B00E95E90 /* Base */,
			);
			name = Main.storyboard;
			sourceTree = "<group>";
		};
		392A343025A5B88E00E95E90 /* LaunchScreen.storyboard */ = {
			isa = PBXVariantGroup;
			children = (
				392A343125A5B88E00E95E90 /* Base */,
			);
			name = LaunchScreen.storyboard;
			sourceTree = "<group>";
		};
/* End PBXVariantGroup section */

/* Begin XCBuildConfiguration section */
		392A344A25A5B88F00E95E90 /* Debug */ = {
			isa = XCBuildConfiguration;
			buildSettings = {
				ALWAYS_SEARCH_USER_PATHS = NO;
				CLANG_ANALYZER_NONNULL = YES;
				CLANG_ANALYZER_NUMBER_OBJECT_CONVERSION = YES_AGGRESSIVE;
				CLANG_CXX_LANGUAGE_STANDARD = "gnu++14";
				CLANG_CXX_LIBRARY = "libc++";
				CLANG_ENABLE_MODULES = YES;
				CLANG_ENABLE_OBJC_ARC = YES;
				CLANG_ENABLE_OBJC_WEAK = YES;
				CLANG_WARN_BLOCK_CAPTURE_AUTORELEASING = YES;
				CLANG_WARN_BOOL_CONVERSION = YES;
				CLANG_WARN_COMMA = YES;
				CLANG_WARN_CONSTANT_CONVERSION = YES;
				CLANG_WARN_DEPRECATED_OBJC_IMPLEMENTATIONS = YES;
				CLANG_WARN_DIRECT_OBJC_ISA_USAGE = YES_ERROR;
				CLANG_WARN_DOCUMENTATION_COMMENTS = YES;
				CLANG_WARN_EMPTY_BODY = YES;
				CLANG_WARN_ENUM_CONVERSION = YES;
				CLANG_WARN_INFINITE_RECURSION = YES;
				CLANG_WARN_INT_CONVERSION = YES;
				CLANG_WARN_NON_LITERAL_NULL_CONVERSION = YES;
				CLANG_WARN_OBJC_IMPLICIT_RETAIN_SELF = YES;
				CLANG_WARN_OBJC_LITERAL_CONVERSION = YES;
				CLANG_WARN_OBJC_ROOT_CLASS = YES_ERROR;
				CLANG_WARN_QUOTED_INCLUDE_IN_FRAMEWORK_HEADER = YES;
				CLANG_WARN_RANGE_LOOP_ANALYSIS = YES;
				CLANG_WARN_STRICT_PROTOTYPES = YES;
				CLANG_WARN_SUSPICIOUS_MOVE = YES;
				CLANG_WARN_UNGUARDED_AVAILABILITY = YES_AGGRESSIVE;
				CLANG_WARN_UNREACHABLE_CODE = YES;
				CLANG_WARN__DUPLICATE_METHOD_MATCH = YES;
				COPY_PHASE_STRIP = NO;
				DEBUG_INFORMATION_FORMAT = dwarf;
				ENABLE_STRICT_OBJC_MSGSEND = YES;
				ENABLE_TESTABILITY = YES;
				GCC_C_LANGUAGE_STANDARD = gnu11;
				GCC_DYNAMIC_NO_PIC = NO;
				GCC_NO_COMMON_BLOCKS = YES;
				GCC_OPTIMIZATION_LEVEL = 0;
				GCC_PREPROCESSOR_DEFINITIONS = (
					"DEBUG=1",
					"$(inherited)",
				);
				GCC_WARN_64_TO_32_BIT_CONVERSION = YES;
				GCC_WARN_ABOUT_RETURN_TYPE = YES_ERROR;
				GCC_WARN_UNDECLARED_SELECTOR = YES;
				GCC_WARN_UNINITIALIZED_AUTOS = YES_AGGRESSIVE;
				GCC_WARN_UNUSED_FUNCTION = YES;
				GCC_WARN_UNUSED_VARIABLE = YES;
				IPHONEOS_DEPLOYMENT_TARGET = 14.3;
				MTL_ENABLE_DEBUG_INFO = INCLUDE_SOURCE;
				MTL_FAST_MATH = YES;
				ONLY_ACTIVE_ARCH = YES;
				SDKROOT = iphoneos;
				SWIFT_ACTIVE_COMPILATION_CONDITIONS = DEBUG;
				SWIFT_OPTIMIZATION_LEVEL = "-Onone";
			};
			name = Debug;
		};
		392A344B25A5B88F00E95E90 /* Release */ = {
			isa = XCBuildConfiguration;
			buildSettings = {
				ALWAYS_SEARCH_USER_PATHS = NO;
				CLANG_ANALYZER_NONNULL = YES;
				CLANG_ANALYZER_NUMBER_OBJECT_CONVERSION = YES_AGGRESSIVE;
				CLANG_CXX_LANGUAGE_STANDARD = "gnu++14";
				CLANG_CXX_LIBRARY = "libc++";
				CLANG_ENABLE_MODULES = YES;
				CLANG_ENABLE_OBJC_ARC = YES;
				CLANG_ENABLE_OBJC_WEAK = YES;
				CLANG_WARN_BLOCK_CAPTURE_AUTORELEASING = YES;
				CLANG_WARN_BOOL_CONVERSION = YES;
				CLANG_WARN_COMMA = YES;
				CLANG_WARN_CONSTANT_CONVERSION = YES;
				CLANG_WARN_DEPRECATED_OBJC_IMPLEMENTATIONS = YES;
				CLANG_WARN_DIRECT_OBJC_ISA_USAGE = YES_ERROR;
				CLANG_WARN_DOCUMENTATION_COMMENTS = YES;
				CLANG_WARN_EMPTY_BODY = YES;
				CLANG_WARN_ENUM_CONVERSION = YES;
				CLANG_WARN_INFINITE_RECURSION = YES;
				CLANG_WARN_INT_CONVERSION = YES;
				CLANG_WARN_NON_LITERAL_NULL_CONVERSION = YES;
				CLANG_WARN_OBJC_IMPLICIT_RETAIN_SELF = YES;
				CLANG_WARN_OBJC_LITERAL_CONVERSION = YES;
				CLANG_WARN_OBJC_ROOT_CLASS = YES_ERROR;
				CLANG_WARN_QUOTED_INCLUDE_IN_FRAMEWORK_HEADER = YES;
				CLANG_WARN_RANGE_LOOP_ANALYSIS = YES;
				CLANG_WARN_STRICT_PROTOTYPES = YES;
				CLANG_WARN_SUSPICIOUS_MOVE = YES;
				CLANG_WARN_UNGUARDED_AVAILABILITY = YES_AGGRESSIVE;
				CLANG_WARN_UNREACHABLE_CODE = YES;
				CLANG_WARN__DUPLICATE_METHOD_MATCH = YES;
				COPY_PHASE_STRIP = NO;
				DEBUG_INFORMATION_FORMAT = "dwarf-with-dsym";
				ENABLE_NS_ASSERTIONS = NO;
				ENABLE_STRICT_OBJC_MSGSEND = YES;
				GCC_C_LANGUAGE_STANDARD = gnu11;
				GCC_NO_COMMON_BLOCKS = YES;
				GCC_WARN_64_TO_32_BIT_CONVERSION = YES;
				GCC_WARN_ABOUT_RETURN_TYPE = YES_ERROR;
				GCC_WARN_UNDECLARED_SELECTOR = YES;
				GCC_WARN_UNINITIALIZED_AUTOS = YES_AGGRESSIVE;
				GCC_WARN_UNUSED_FUNCTION = YES;
				GCC_WARN_UNUSED_VARIABLE = YES;
				IPHONEOS_DEPLOYMENT_TARGET = 14.3;
				MTL_ENABLE_DEBUG_INFO = NO;
				MTL_FAST_MATH = YES;
				SDKROOT = iphoneos;
				SWIFT_COMPILATION_MODE = wholemodule;
				SWIFT_OPTIMIZATION_LEVEL = "-O";
				VALIDATE_PRODUCT = YES;
			};
			name = Release;
		};
		392A344D25A5B88F00E95E90 /* Debug */ = {
			isa = XCBuildConfiguration;
			buildSettings = {
				ASSETCATALOG_COMPILER_APPICON_NAME = AppIcon;
				ASSETCATALOG_COMPILER_GLOBAL_ACCENT_COLOR_NAME = AccentColor;
				CODE_SIGN_STYLE = Automatic;
				INFOPLIST_FILE = Prework/Info.plist;
				LD_RUNPATH_SEARCH_PATHS = (
					"$(inherited)",
					"@executable_path/Frameworks",
				);
				PRODUCT_BUNDLE_IDENTIFIER = com.MimiAlmero.Prework;
				PRODUCT_NAME = "$(TARGET_NAME)";
				SWIFT_VERSION = 5.0;
				TARGETED_DEVICE_FAMILY = "1,2";
			};
			name = Debug;
		};
		392A344E25A5B88F00E95E90 /* Release */ = {
			isa = XCBuildConfiguration;
			buildSettings = {
				ASSETCATALOG_COMPILER_APPICON_NAME = AppIcon;
				ASSETCATALOG_COMPILER_GLOBAL_ACCENT_COLOR_NAME = AccentColor;
				CODE_SIGN_STYLE = Automatic;
				INFOPLIST_FILE = Prework/Info.plist;
				LD_RUNPATH_SEARCH_PATHS = (
					"$(inherited)",
					"@executable_path/Frameworks",
				);
				PRODUCT_BUNDLE_IDENTIFIER = com.MimiAlmero.Prework;
				PRODUCT_NAME = "$(TARGET_NAME)";
				SWIFT_VERSION = 5.0;
				TARGETED_DEVICE_FAMILY = "1,2";
			};
			name = Release;
		};
		392A345025A5B88F00E95E90 /* Debug */ = {
			isa = XCBuildConfiguration;
			buildSettings = {
				ALWAYS_EMBED_SWIFT_STANDARD_LIBRARIES = YES;
				BUNDLE_LOADER = "$(TEST_HOST)";
				CODE_SIGN_STYLE = Automatic;
				INFOPLIST_FILE = PreworkTests/Info.plist;
				IPHONEOS_DEPLOYMENT_TARGET = 14.3;
				LD_RUNPATH_SEARCH_PATHS = (
					"$(inherited)",
					"@executable_path/Frameworks",
					"@loader_path/Frameworks",
				);
				PRODUCT_BUNDLE_IDENTIFIER = com.MimiAlmero.PreworkTests;
				PRODUCT_NAME = "$(TARGET_NAME)";
				SWIFT_VERSION = 5.0;
				TARGETED_DEVICE_FAMILY = "1,2";
				TEST_HOST = "$(BUILT_PRODUCTS_DIR)/Prework.app/Prework";
			};
			name = Debug;
		};
		392A345125A5B88F00E95E90 /* Release */ = {
			isa = XCBuildConfiguration;
			buildSettings = {
				ALWAYS_EMBED_SWIFT_STANDARD_LIBRARIES = YES;
				BUNDLE_LOADER = "$(TEST_HOST)";
				CODE_SIGN_STYLE = Automatic;
				INFOPLIST_FILE = PreworkTests/Info.plist;
				IPHONEOS_DEPLOYMENT_TARGET = 14.3;
				LD_RUNPATH_SEARCH_PATHS = (
					"$(inherited)",
					"@executable_path/Frameworks",
					"@loader_path/Frameworks",
				);
				PRODUCT_BUNDLE_IDENTIFIER = com.MimiAlmero.PreworkTests;
				PRODUCT_NAME = "$(TARGET_NAME)";
				SWIFT_VERSION = 5.0;
				TARGETED_DEVICE_FAMILY = "1,2";
				TEST_HOST = "$(BUILT_PRODUCTS_DIR)/Prework.app/Prework";
			};
			name = Release;
		};
		392A345325A5B88F00E95E90 /* Debug */ = {
			isa = XCBuildConfiguration;
			buildSettings = {
				ALWAYS_EMBED_SWIFT_STANDARD_LIBRARIES = YES;
				CODE_SIGN_STYLE = Automatic;
				INFOPLIST_FILE = PreworkUITests/Info.plist;
				LD_RUNPATH_SEARCH_PATHS = (
					"$(inherited)",
					"@executable_path/Frameworks",
					"@loader_path/Frameworks",
				);
				PRODUCT_BUNDLE_IDENTIFIER = com.MimiAlmero.PreworkUITests;
				PRODUCT_NAME = "$(TARGET_NAME)";
				SWIFT_VERSION = 5.0;
				TARGETED_DEVICE_FAMILY = "1,2";
				TEST_TARGET_NAME = Prework;
			};
			name = Debug;
		};
		392A345425A5B88F00E95E90 /* Release */ = {
			isa = XCBuildConfiguration;
			buildSettings = {
				ALWAYS_EMBED_SWIFT_STANDARD_LIBRARIES = YES;
				CODE_SIGN_STYLE = Automatic;
				INFOPLIST_FILE = PreworkUITests/Info.plist;
				LD_RUNPATH_SEARCH_PATHS = (
					"$(inherited)",
					"@executable_path/Frameworks",
					"@loader_path/Frameworks",
				);
				PRODUCT_BUNDLE_IDENTIFIER = com.MimiAlmero.PreworkUITests;
				PRODUCT_NAME = "$(TARGET_NAME)";
				SWIFT_VERSION = 5.0;
				TARGETED_DEVICE_FAMILY = "1,2";
				TEST_TARGET_NAME = Prework;
			};
			name = Release;
		};
/* End XCBuildConfiguration section */

/* Begin XCConfigurationList section */
		392A341D25A5B88B00E95E90 /* Build configuration list for PBXProject "Prework" */ = {
			isa = XCConfigurationList;
			buildConfigurations = (
				392A344A25A5B88F00E95E90 /* Debug */,
				392A344B25A5B88F00E95E90 /* Release */,
			);
			defaultConfigurationIsVisible = 0;
			defaultConfigurationName = Release;
		};
		392A344C25A5B88F00E95E90 /* Build configuration list for PBXNativeTarget "Prework" */ = {
			isa = XCConfigurationList;
			buildConfigurations = (
				392A344D25A5B88F00E95E90 /* Debug */,
				392A344E25A5B88F00E95E90 /* Release */,
			);
			defaultConfigurationIsVisible = 0;
			defaultConfigurationName = Release;
		};
		392A344F25A5B88F00E95E90 /* Build configuration list for PBXNativeTarget "PreworkTests" */ = {
			isa = XCConfigurationList;
			buildConfigurations = (
				392A345025A5B88F00E95E90 /* Debug */,
				392A345125A5B88F00E95E90 /* Release */,
			);
			defaultConfigurationIsVisible = 0;
			defaultConfigurationName = Release;
		};
		392A345225A5B88F00E95E90 /* Build configuration list for PBXNativeTarget "PreworkUITests" */ = {
			isa = XCConfigurationList;
			buildConfigurations = (
				392A345325A5B88F00E95E90 /* Debug */,
				392A345425A5B88F00E95E90 /* Release */,
			);
			defaultConfigurationIsVisible = 0;
			defaultConfigurationName = Release;
		};
/* End XCConfigurationList section */
	};
	rootObject = 392A341A25A5B88B00E95E90 /* Project object */;
}
